# This is a Gradle generated file for dependency locking.
# Manual edits can break the build and are not advised.
# This file is expected to be part of source control.
com.fasterxml.jackson.core:jackson-annotations:2.16.1=runtimeClasspath,testRuntimeClasspath
com.fasterxml.jackson.core:jackson-core:2.16.1=runtimeClasspath,testRuntimeClasspath
com.fasterxml.jackson.core:jackson-databind:2.16.1=runtimeClasspath,testRuntimeClasspath
com.fasterxml.jackson:jackson-bom:2.16.1=compileClasspath,runtimeClasspath,testCompileClasspath,testRuntimeClasspath
com.google.code.findbugs:jsr305:3.0.2=compileClasspath,runtimeClasspath,testCompileClasspath,testRuntimeClasspath
com.google.errorprone:error_prone_annotations:2.18.0=compileClasspath,runtimeClasspath,testCompileClasspath,testRuntimeClasspath
com.google.guava:failureaccess:1.0.1=compileClasspath,runtimeClasspath,testCompileClasspath,testRuntimeClasspath
com.google.guava:guava-parent:32.1.2-jre=compileClasspath,runtimeClasspath,testCompileClasspath,testRuntimeClasspath
com.google.guava:guava:32.1.2-jre=compileClasspath,runtimeClasspath,testCompileClasspath,testRuntimeClasspath
com.google.guava:listenablefuture:9999.0-empty-to-avoid-conflict-with-guava=compileClasspath,runtimeClasspath,testCompileClasspath,testRuntimeClasspath
com.google.j2objc:j2objc-annotations:2.8=compileClasspath,testCompileClasspath
com.typesafe:config:1.4.2=compileClasspath,runtimeClasspath,testCompileClasspath,testRuntimeClasspath
commons-logging:commons-logging:1.2=runtimeClasspath,testRuntimeClasspath
io.dropwizard.metrics:metrics-core:4.2.25=compileClasspath,runtimeClasspath,testCompileClasspath,testRuntimeClasspath
io.dropwizard.metrics:metrics-jakarta-servlet:4.2.25=compileClasspath,runtimeClasspath,testCompileClasspath,testRuntimeClasspath
io.dropwizard.metrics:metrics-jvm:4.2.25=runtimeClasspath,testRuntimeClasspath
io.github.mweirauch:micrometer-jvm-extras:0.2.2=runtimeClasspath,testRuntimeClasspath
io.grpc:grpc-bom:1.75.0=compileClasspath,runtimeClasspath,testCompileClasspath,testRuntimeClasspath
io.micrometer:micrometer-commons:1.14.4=compileClasspath,runtimeClasspath,testCompileClasspath,testRuntimeClasspath
io.micrometer:micrometer-core:1.14.4=compileClasspath,runtimeClasspath,testCompileClasspath,testRuntimeClasspath
io.micrometer:micrometer-observation:1.14.4=compileClasspath,runtimeClasspath,testCompileClasspath,testRuntimeClasspath
io.micrometer:micrometer-registry-prometheus-simpleclient:1.14.4=runtimeClasspath,testRuntimeClasspath
io.netty:netty-bom:4.1.125.Final=compileClasspath,runtimeClasspath,testCompileClasspath,testRuntimeClasspath
io.prometheus:simpleclient:0.16.0=runtimeClasspath,testRuntimeClasspath
io.prometheus:simpleclient_common:0.16.0=runtimeClasspath,testRuntimeClasspath
io.prometheus:simpleclient_dropwizard:0.16.0=runtimeClasspath,testRuntimeClasspath
io.prometheus:simpleclient_pushgateway:0.16.0=runtimeClasspath,testRuntimeClasspath
io.prometheus:simpleclient_servlet_common:0.16.0=runtimeClasspath,testRuntimeClasspath
io.prometheus:simpleclient_servlet_jakarta:0.16.0=runtimeClasspath,testRuntimeClasspath
io.prometheus:simpleclient_tracer_common:0.16.0=runtimeClasspath,testRuntimeClasspath
io.prometheus:simpleclient_tracer_otel:0.16.0=runtimeClasspath,testRuntimeClasspath
io.prometheus:simpleclient_tracer_otel_agent:0.16.0=runtimeClasspath,testRuntimeClasspath
jakarta.servlet:jakarta.servlet-api:6.0.0=compileClasspath,runtimeClasspath,testCompileClasspath,testRuntimeClasspath
net.jodah:failsafe:2.4.4=runtimeClasspath,testRuntimeClasspath
org.apache.commons:commons-collections4:4.4=runtimeClasspath,testRuntimeClasspath
org.apache.commons:commons-dbcp2:2.9.0=runtimeClasspath,testRuntimeClasspath
org.apache.commons:commons-lang3:3.18.0=runtimeClasspath,testRuntimeClasspath
org.apache.commons:commons-pool2:2.10.0=runtimeClasspath,testRuntimeClasspath
org.checkerframework:checker-qual:3.33.0=compileClasspath,runtimeClasspath,testCompileClasspath,testRuntimeClasspath
org.eclipse.jetty.toolchain:jetty-jakarta-servlet-api:5.0.2=runtimeClasspath,testRuntimeClasspath
org.eclipse.jetty:jetty-bom:11.0.24=compileClasspath,runtimeClasspath,testCompileClasspath,testRuntimeClasspath
org.eclipse.jetty:jetty-http:11.0.24=runtimeClasspath,testRuntimeClasspath
org.eclipse.jetty:jetty-io:11.0.24=runtimeClasspath,testRuntimeClasspath
org.eclipse.jetty:jetty-security:11.0.24=runtimeClasspath,testRuntimeClasspath
org.eclipse.jetty:jetty-server:11.0.24=runtimeClasspath,testRuntimeClasspath
org.eclipse.jetty:jetty-servlet:11.0.24=runtimeClasspath,testRuntimeClasspath
org.eclipse.jetty:jetty-util:11.0.24=runtimeClasspath,testRuntimeClasspath
org.hdrhistogram:HdrHistogram:2.2.2=runtimeClasspath,testRuntimeClasspath
org.hypertrace.bom:hypertrace-bom:0.3.67=compileClasspath,runtimeClasspath,testCompileClasspath,testRuntimeClasspath
org.hypertrace.core.documentstore:document-store:0.8.6=compileClasspath,runtimeClasspath,testCompileClasspath,testRuntimeClasspath
org.hypertrace.core.kafkastreams.framework:kafka-bom:0.6.4=compileClasspath,runtimeClasspath,testCompileClasspath,testRuntimeClasspath
org.latencyutils:LatencyUtils:2.0.3=runtimeClasspath,testRuntimeClasspath
org.mongodb:bson-record-codec:5.2.0=runtimeClasspath,testRuntimeClasspath
org.mongodb:bson:5.2.0=runtimeClasspath,testRuntimeClasspath
org.mongodb:mongodb-driver-core:5.2.0=runtimeClasspath,testRuntimeClasspath
org.mongodb:mongodb-driver-sync:5.2.0=runtimeClasspath,testRuntimeClasspath
org.postgresql:postgresql:42.5.5=runtimeClasspath,testRuntimeClasspath
org.projectlombok:lombok:1.18.30=annotationProcessor,compileClasspath
org.slf4j:slf4j-api:2.0.7=compileClasspath,testCompileClasspath
org.slf4j:slf4j-api:2.0.9=runtimeClasspath,testRuntimeClasspath
empty=
