# This is a Gradle generated file for dependency locking.
# Manual edits can break the build and are not advised.
# This file is expected to be part of source control.
aopalliance:aopalliance:1.0=compileClasspath,runtimeClasspath,testCompileClasspath,testRuntimeClasspath
com.auth0:java-jwt:4.4.0=runtimeClasspath,testRuntimeClasspath
com.auth0:jwks-rsa:0.22.0=runtimeClasspath,testRuntimeClasspath
com.fasterxml.jackson.core:jackson-annotations:2.16.1=runtimeClasspath,testRuntimeClasspath
com.fasterxml.jackson.core:jackson-core:2.16.1=runtimeClasspath,testRuntimeClasspath
com.fasterxml.jackson.core:jackson-databind:2.16.1=runtimeClasspath,testRuntimeClasspath
com.fasterxml.jackson:jackson-bom:2.16.1=compileClasspath,runtimeClasspath,testCompileClasspath,testRuntimeClasspath
com.google.android:annotations:4.1.1.4=runtimeClasspath,testRuntimeClasspath
com.google.code.findbugs:jsr305:3.0.2=compileClasspath,runtimeClasspath,testCompileClasspath,testRuntimeClasspath
com.google.code.gson:gson:2.13.1=runtimeClasspath,testRuntimeClasspath
com.google.errorprone:error_prone_annotations:2.30.0=compileClasspath,testCompileClasspath
com.google.errorprone:error_prone_annotations:2.38.0=runtimeClasspath,testRuntimeClasspath
com.google.guava:failureaccess:1.0.1=compileClasspath,testCompileClasspath
com.google.guava:failureaccess:1.0.2=runtimeClasspath,testRuntimeClasspath
com.google.guava:guava-parent:32.1.2-jre=compileClasspath,testCompileClasspath
com.google.guava:guava:32.1.2-jre=compileClasspath,testCompileClasspath
com.google.guava:guava:33.3.1-android=runtimeClasspath,testRuntimeClasspath
com.google.guava:listenablefuture:9999.0-empty-to-avoid-conflict-with-guava=compileClasspath,runtimeClasspath,testCompileClasspath,testRuntimeClasspath
com.google.inject.extensions:guice-servlet:7.0.0=compileClasspath,runtimeClasspath,testCompileClasspath,testRuntimeClasspath
com.google.inject:guice:7.0.0=compileClasspath,runtimeClasspath,testCompileClasspath,testRuntimeClasspath
com.google.j2objc:j2objc-annotations:2.8=compileClasspath,testCompileClasspath
com.google.j2objc:j2objc-annotations:3.0.0=runtimeClasspath,testRuntimeClasspath
com.helger:profiler:1.1.1=runtimeClasspath,testRuntimeClasspath
com.typesafe:config:1.4.2=compileClasspath,runtimeClasspath,testCompileClasspath,testRuntimeClasspath
commons-codec:commons-codec:1.11=runtimeClasspath,testRuntimeClasspath
commons-logging:commons-logging:1.2=runtimeClasspath,testRuntimeClasspath
io.dropwizard.metrics:metrics-core:4.2.25=compileClasspath,runtimeClasspath,testCompileClasspath,testRuntimeClasspath
io.dropwizard.metrics:metrics-healthchecks:4.2.25=runtimeClasspath,testRuntimeClasspath
io.dropwizard.metrics:metrics-jakarta-servlet:4.2.25=compileClasspath,runtimeClasspath,testCompileClasspath,testRuntimeClasspath
io.dropwizard.metrics:metrics-jakarta-servlets:4.2.25=runtimeClasspath,testRuntimeClasspath
io.dropwizard.metrics:metrics-json:4.2.25=runtimeClasspath,testRuntimeClasspath
io.dropwizard.metrics:metrics-jvm:4.2.25=runtimeClasspath,testRuntimeClasspath
io.github.mweirauch:micrometer-jvm-extras:0.2.2=runtimeClasspath,testRuntimeClasspath
io.grpc:grpc-api:1.75.0=compileClasspath,runtimeClasspath,testCompileClasspath,testRuntimeClasspath
io.grpc:grpc-bom:1.75.0=compileClasspath,runtimeClasspath,testCompileClasspath,testRuntimeClasspath
io.grpc:grpc-context:1.75.0=compileClasspath,runtimeClasspath,testCompileClasspath,testRuntimeClasspath
io.grpc:grpc-core:1.75.0=runtimeClasspath,testRuntimeClasspath
io.grpc:grpc-inprocess:1.75.0=compileClasspath,runtimeClasspath,testCompileClasspath,testRuntimeClasspath
io.micrometer:micrometer-commons:1.14.4=compileClasspath,runtimeClasspath,testCompileClasspath,testRuntimeClasspath
io.micrometer:micrometer-core:1.14.4=compileClasspath,runtimeClasspath,testCompileClasspath,testRuntimeClasspath
io.micrometer:micrometer-observation:1.14.4=compileClasspath,runtimeClasspath,testCompileClasspath,testRuntimeClasspath
io.micrometer:micrometer-registry-prometheus-simpleclient:1.14.4=runtimeClasspath,testRuntimeClasspath
io.netty:netty-bom:4.1.130.Final=compileClasspath,runtimeClasspath,testCompileClasspath,testRuntimeClasspath
io.perfmark:perfmark-api:0.27.0=runtimeClasspath,testRuntimeClasspath
io.prometheus:simpleclient:0.16.0=runtimeClasspath,testRuntimeClasspath
io.prometheus:simpleclient_common:0.16.0=runtimeClasspath,testRuntimeClasspath
io.prometheus:simpleclient_dropwizard:0.16.0=runtimeClasspath,testRuntimeClasspath
io.prometheus:simpleclient_pushgateway:0.16.0=runtimeClasspath,testRuntimeClasspath
io.prometheus:simpleclient_servlet_common:0.16.0=runtimeClasspath,testRuntimeClasspath
io.prometheus:simpleclient_servlet_jakarta:0.16.0=runtimeClasspath,testRuntimeClasspath
io.prometheus:simpleclient_tracer_common:0.16.0=runtimeClasspath,testRuntimeClasspath
io.prometheus:simpleclient_tracer_otel:0.16.0=runtimeClasspath,testRuntimeClasspath
io.prometheus:simpleclient_tracer_otel_agent:0.16.0=runtimeClasspath,testRuntimeClasspath
jakarta.inject:jakarta.inject-api:2.0.1=compileClasspath,runtimeClasspath,testCompileClasspath,testRuntimeClasspath
jakarta.servlet:jakarta.servlet-api:6.0.0=compileClasspath,runtimeClasspath,testCompileClasspath,testRuntimeClasspath
org.apache.httpcomponents:httpclient:4.5.13=runtimeClasspath,testRuntimeClasspath
org.apache.httpcomponents:httpcore:4.4.13=runtimeClasspath,testRuntimeClasspath
org.checkerframework:checker-qual:3.33.0=compileClasspath,testCompileClasspath
org.checkerframework:checker-qual:3.43.0=runtimeClasspath,testRuntimeClasspath
org.codehaus.mojo:animal-sniffer-annotations:1.24=runtimeClasspath,testRuntimeClasspath
org.eclipse.jetty.toolchain:jetty-jakarta-servlet-api:5.0.2=compileClasspath,runtimeClasspath,testCompileClasspath,testRuntimeClasspath
org.eclipse.jetty:jetty-bom:11.0.24=compileClasspath,runtimeClasspath,testCompileClasspath,testRuntimeClasspath
org.eclipse.jetty:jetty-http:11.0.24=compileClasspath,runtimeClasspath,testCompileClasspath,testRuntimeClasspath
org.eclipse.jetty:jetty-io:11.0.24=compileClasspath,runtimeClasspath,testCompileClasspath,testRuntimeClasspath
org.eclipse.jetty:jetty-security:11.0.24=compileClasspath,runtimeClasspath,testCompileClasspath,testRuntimeClasspath
org.eclipse.jetty:jetty-server:11.0.24=compileClasspath,runtimeClasspath,testCompileClasspath,testRuntimeClasspath
org.eclipse.jetty:jetty-servlet:11.0.24=compileClasspath,runtimeClasspath,testCompileClasspath,testRuntimeClasspath
org.eclipse.jetty:jetty-servlets:11.0.24=compileClasspath,runtimeClasspath,testCompileClasspath,testRuntimeClasspath
org.eclipse.jetty:jetty-util:11.0.24=compileClasspath,runtimeClasspath,testCompileClasspath,testRuntimeClasspath
org.hdrhistogram:HdrHistogram:2.2.2=runtimeClasspath,testRuntimeClasspath
org.hypertrace.bom:hypertrace-bom:0.3.69=compileClasspath,runtimeClasspath,testCompileClasspath,testRuntimeClasspath
org.hypertrace.core.grpcutils:grpc-client-utils:0.13.19=compileClasspath,runtimeClasspath,testCompileClasspath,testRuntimeClasspath
org.hypertrace.core.grpcutils:grpc-context-utils:0.13.19=runtimeClasspath,testRuntimeClasspath
org.hypertrace.core.kafkastreams.framework:kafka-bom:0.6.4=compileClasspath,runtimeClasspath,testCompileClasspath,testRuntimeClasspath
org.latencyutils:LatencyUtils:2.0.3=runtimeClasspath,testRuntimeClasspath
org.projectlombok:lombok:1.18.30=annotationProcessor,compileClasspath
org.slf4j:slf4j-api:2.0.9=compileClasspath,runtimeClasspath,testCompileClasspath,testRuntimeClasspath
empty=
